{
  "nodes": {
    "nixos-hardware": {
      "locked": {
        "lastModified": 1635449388,
        "narHash": "sha256-i7hMiAgpRTGsMPTQKuNCDfW/ftQ+g9N6iaMj+RN6yws=",
        "owner": "NixOS",
        "repo": "nixos-hardware",
        "rev": "518b9c2159e7d4b7696ee18b8828f9086012923b",
        "type": "github"
      },
      "original": {
        "owner": "NixOS",
        "ref": "master",
        "repo": "nixos-hardware",
        "type": "github"
      }
    },
    "nixpkgs": {
      "locked": {
        "lastModified": 1635605688,
        "narHash": "sha256-/u5bU6ClHis/eaKWA90oueXktYyByPPzsl4UbEtBnLo=",
        "owner": "NixOS",
        "repo": "nixpkgs",
        "rev": "2471741df0104653f19b59e15fa6f45f35835359",
        "type": "github"
      },
      "original": {
        "owner": "NixOS",
        "repo": "nixpkgs",
        "type": "github"
      }
    },
    "root": {
      "inputs": {
        "nixos-hardware": "nixos-hardware",
        "nixpkgs": "nixpkgs",
        "secrets": "secrets"
      }
    },
    "secrets": {
      "locked": {
        "lastModified": 1622914566,
        "narHash": "sha256-Fh743rdZPqxf5ar+KjBmjsXVAPpb2IpMWBIQZ053zVs=",
        "type": "git",
        "url": "file:///etc/nixos/private"
      },
      "original": {
        "type": "git",
        "url": "file:///etc/nixos/private"
      }
    }
  },
  "root": "root",
  "version": 7
}
